// !$*UTF8*$!
{
	archiveVersion = 1;
	classes = {
	};
	objectVersion = 52;
	objects = {

/* Begin PBXBuildFile section */
		4C67C8EC263C6388009A83B7 /* ACherishingHeartApp.swift in Sources */ = {isa = PBXBuildFile; fileRef = 4C67C8D9263C6387009A83B7 /* ACherishingHeartApp.swift */; };
		4C67C8ED263C6388009A83B7 /* ACherishingHeartApp.swift in Sources */ = {isa = PBXBuildFile; fileRef = 4C67C8D9263C6387009A83B7 /* ACherishingHeartApp.swift */; };
		4C67C8EE263C6388009A83B7 /* MainView.swift in Sources */ = {isa = PBXBuildFile; fileRef = 4C67C8DA263C6387009A83B7 /* MainView.swift */; };
		4C67C8EF263C6388009A83B7 /* MainView.swift in Sources */ = {isa = PBXBuildFile; fileRef = 4C67C8DA263C6387009A83B7 /* MainView.swift */; };
		4C67C8F0263C6388009A83B7 /* Assets.xcassets in Resources */ = {isa = PBXBuildFile; fileRef = 4C67C8DB263C6388009A83B7 /* Assets.xcassets */; };
		4C67C8F1263C6388009A83B7 /* Assets.xcassets in Resources */ = {isa = PBXBuildFile; fileRef = 4C67C8DB263C6388009A83B7 /* Assets.xcassets */; };
		C16DBE5E263C806D00CA1E88 /* FirebaseFirestore in Frameworks */ = {isa = PBXBuildFile; productRef = C16DBE5D263C806D00CA1E88 /* FirebaseFirestore */; };
		C16DBE60263C806D00CA1E88 /* FirebaseFirestoreSwift-Beta in Frameworks */ = {isa = PBXBuildFile; productRef = C16DBE5F263C806D00CA1E88 /* FirebaseFirestoreSwift-Beta */; };
		C16DBE62263C806D00CA1E88 /* FirebaseAnalyticsSwift-Beta in Frameworks */ = {isa = PBXBuildFile; productRef = C16DBE61263C806D00CA1E88 /* FirebaseAnalyticsSwift-Beta */; };
		C16DBE64263C806D00CA1E88 /* FirebaseStorageSwift-Beta in Frameworks */ = {isa = PBXBuildFile; productRef = C16DBE63263C806D00CA1E88 /* FirebaseStorageSwift-Beta */; };
		C16DBE66263C806D00CA1E88 /* FirebaseStorage in Frameworks */ = {isa = PBXBuildFile; productRef = C16DBE65263C806D00CA1E88 /* FirebaseStorage */; };
		C16DBE68263C806D00CA1E88 /* FirebaseAuth in Frameworks */ = {isa = PBXBuildFile; productRef = C16DBE67263C806D00CA1E88 /* FirebaseAuth */; };
		C16DBE6A263C806D00CA1E88 /* FirebaseAnalyticsWithoutAdIdSupport in Frameworks */ = {isa = PBXBuildFile; productRef = C16DBE69263C806D00CA1E88 /* FirebaseAnalyticsWithoutAdIdSupport */; };
		C16DBE6C263C83E100CA1E88 /* GoogleService-Info.plist in Resources */ = {isa = PBXBuildFile; fileRef = C16DBE6B263C83E100CA1E88 /* GoogleService-Info.plist */; };
		C16DBE6D263C83E100CA1E88 /* GoogleService-Info.plist in Resources */ = {isa = PBXBuildFile; fileRef = C16DBE6B263C83E100CA1E88 /* GoogleService-Info.plist */; };
		C16DBE6F263C8C8A00CA1E88 /* MainMenuBarView.swift in Sources */ = {isa = PBXBuildFile; fileRef = C16DBE6E263C8C8A00CA1E88 /* MainMenuBarView.swift */; };
		C16DBE70263C8C8A00CA1E88 /* MainMenuBarView.swift in Sources */ = {isa = PBXBuildFile; fileRef = C16DBE6E263C8C8A00CA1E88 /* MainMenuBarView.swift */; };
		C16DBE73263C8DBA00CA1E88 /* SignInWithAppleButton.swift in Sources */ = {isa = PBXBuildFile; fileRef = C16DBE72263C8DBA00CA1E88 /* SignInWithAppleButton.swift */; };
		C16DBE74263C8DBA00CA1E88 /* SignInWithAppleButton.swift in Sources */ = {isa = PBXBuildFile; fileRef = C16DBE72263C8DBA00CA1E88 /* SignInWithAppleButton.swift */; };
		C16DBE76263C8DE100CA1E88 /* SignInWithAppleVIew.swift in Sources */ = {isa = PBXBuildFile; fileRef = C16DBE75263C8DE100CA1E88 /* SignInWithAppleVIew.swift */; };
		C16DBE77263C8DE100CA1E88 /* SignInWithAppleVIew.swift in Sources */ = {isa = PBXBuildFile; fileRef = C16DBE75263C8DE100CA1E88 /* SignInWithAppleVIew.swift */; };
		C16DBE79263C8E0F00CA1E88 /* SignInWithAppleCoordinator.swift in Sources */ = {isa = PBXBuildFile; fileRef = C16DBE78263C8E0F00CA1E88 /* SignInWithAppleCoordinator.swift */; };
		C16DBE7A263C8E0F00CA1E88 /* SignInWithAppleCoordinator.swift in Sources */ = {isa = PBXBuildFile; fileRef = C16DBE78263C8E0F00CA1E88 /* SignInWithAppleCoordinator.swift */; };
		C16DBE7E263C910100CA1E88 /* MainPictureView.swift in Sources */ = {isa = PBXBuildFile; fileRef = C16DBE7D263C910100CA1E88 /* MainPictureView.swift */; };
		C16DBE7F263C910100CA1E88 /* MainPictureView.swift in Sources */ = {isa = PBXBuildFile; fileRef = C16DBE7D263C910100CA1E88 /* MainPictureView.swift */; };
		C16DBE81263C923400CA1E88 /* MainTitleView.swift in Sources */ = {isa = PBXBuildFile; fileRef = C16DBE80263C923400CA1E88 /* MainTitleView.swift */; };
		C16DBE82263C923400CA1E88 /* MainTitleView.swift in Sources */ = {isa = PBXBuildFile; fileRef = C16DBE80263C923400CA1E88 /* MainTitleView.swift */; };
		C16DBE85263C928A00CA1E88 /* Color+Utils.swift in Sources */ = {isa = PBXBuildFile; fileRef = C16DBE84263C928A00CA1E88 /* Color+Utils.swift */; };
		C16DBE86263C928A00CA1E88 /* Color+Utils.swift in Sources */ = {isa = PBXBuildFile; fileRef = C16DBE84263C928A00CA1E88 /* Color+Utils.swift */; };
		C16DBE88263C943E00CA1E88 /* MainMenuView.swift in Sources */ = {isa = PBXBuildFile; fileRef = C16DBE87263C943E00CA1E88 /* MainMenuView.swift */; };
		C16DBE89263C943E00CA1E88 /* MainMenuView.swift in Sources */ = {isa = PBXBuildFile; fileRef = C16DBE87263C943E00CA1E88 /* MainMenuView.swift */; };
		C16DBE8B263C948C00CA1E88 /* MusicMenuView.swift in Sources */ = {isa = PBXBuildFile; fileRef = C16DBE8A263C948C00CA1E88 /* MusicMenuView.swift */; };
		C16DBE8C263C948C00CA1E88 /* MusicMenuView.swift in Sources */ = {isa = PBXBuildFile; fileRef = C16DBE8A263C948C00CA1E88 /* MusicMenuView.swift */; };
		C16DBE8E263C94CE00CA1E88 /* MasterMenuView.swift in Sources */ = {isa = PBXBuildFile; fileRef = C16DBE8D263C94CE00CA1E88 /* MasterMenuView.swift */; };
		C16DBE8F263C94CE00CA1E88 /* MasterMenuView.swift in Sources */ = {isa = PBXBuildFile; fileRef = C16DBE8D263C94CE00CA1E88 /* MasterMenuView.swift */; };
/* End PBXBuildFile section */

/* Begin PBXFileReference section */
		4C67C8D9263C6387009A83B7 /* ACherishingHeartApp.swift */ = {isa = PBXFileReference; lastKnownFileType = sourcecode.swift; path = ACherishingHeartApp.swift; sourceTree = "<group>"; };
		4C67C8DA263C6387009A83B7 /* MainView.swift */ = {isa = PBXFileReference; lastKnownFileType = sourcecode.swift; path = MainView.swift; sourceTree = "<group>"; };
		4C67C8DB263C6388009A83B7 /* Assets.xcassets */ = {isa = PBXFileReference; lastKnownFileType = folder.assetcatalog; path = Assets.xcassets; sourceTree = "<group>"; };
		4C67C8E0263C6388009A83B7 /* ACherishingHeart.app */ = {isa = PBXFileReference; explicitFileType = wrapper.application; includeInIndex = 0; path = ACherishingHeart.app; sourceTree = BUILT_PRODUCTS_DIR; };
		4C67C8E3263C6388009A83B7 /* Info.plist */ = {isa = PBXFileReference; lastKnownFileType = text.plist.xml; path = Info.plist; sourceTree = "<group>"; };
		4C67C8E8263C6388009A83B7 /* ACherishingHeart.app */ = {isa = PBXFileReference; explicitFileType = wrapper.application; includeInIndex = 0; path = ACherishingHeart.app; sourceTree = BUILT_PRODUCTS_DIR; };
		4C67C8EA263C6388009A83B7 /* Info.plist */ = {isa = PBXFileReference; lastKnownFileType = text.plist.xml; path = Info.plist; sourceTree = "<group>"; };
		4C67C8EB263C6388009A83B7 /* macOS.entitlements */ = {isa = PBXFileReference; lastKnownFileType = text.plist.entitlements; path = macOS.entitlements; sourceTree = "<group>"; };
		4C67C8FC263C7E89009A83B7 /* ACherishingHeart.entitlements */ = {isa = PBXFileReference; lastKnownFileType = text.plist.entitlements; path = ACherishingHeart.entitlements; sourceTree = "<group>"; };
		C16DBE6B263C83E100CA1E88 /* GoogleService-Info.plist */ = {isa = PBXFileReference; fileEncoding = 4; lastKnownFileType = text.plist.xml; path = "GoogleService-Info.plist"; sourceTree = "<group>"; };
		C16DBE6E263C8C8A00CA1E88 /* MainMenuBarView.swift */ = {isa = PBXFileReference; lastKnownFileType = sourcecode.swift; path = MainMenuBarView.swift; sourceTree = "<group>"; };
		C16DBE72263C8DBA00CA1E88 /* SignInWithAppleButton.swift */ = {isa = PBXFileReference; lastKnownFileType = sourcecode.swift; path = SignInWithAppleButton.swift; sourceTree = "<group>"; };
		C16DBE75263C8DE100CA1E88 /* SignInWithAppleVIew.swift */ = {isa = PBXFileReference; lastKnownFileType = sourcecode.swift; path = SignInWithAppleVIew.swift; sourceTree = "<group>"; };
		C16DBE78263C8E0F00CA1E88 /* SignInWithAppleCoordinator.swift */ = {isa = PBXFileReference; lastKnownFileType = sourcecode.swift; path = SignInWithAppleCoordinator.swift; sourceTree = "<group>"; };
		C16DBE7D263C910100CA1E88 /* MainPictureView.swift */ = {isa = PBXFileReference; lastKnownFileType = sourcecode.swift; path = MainPictureView.swift; sourceTree = "<group>"; };
		C16DBE80263C923400CA1E88 /* MainTitleView.swift */ = {isa = PBXFileReference; lastKnownFileType = sourcecode.swift; path = MainTitleView.swift; sourceTree = "<group>"; };
		C16DBE84263C928A00CA1E88 /* Color+Utils.swift */ = {isa = PBXFileReference; lastKnownFileType = sourcecode.swift; path = "Color+Utils.swift"; sourceTree = "<group>"; };
		C16DBE87263C943E00CA1E88 /* MainMenuView.swift */ = {isa = PBXFileReference; lastKnownFileType = sourcecode.swift; path = MainMenuView.swift; sourceTree = "<group>"; };
		C16DBE8A263C948C00CA1E88 /* MusicMenuView.swift */ = {isa = PBXFileReference; lastKnownFileType = sourcecode.swift; path = MusicMenuView.swift; sourceTree = "<group>"; };
		C16DBE8D263C94CE00CA1E88 /* MasterMenuView.swift */ = {isa = PBXFileReference; lastKnownFileType = sourcecode.swift; path = MasterMenuView.swift; sourceTree = "<group>"; };
/* End PBXFileReference section */

/* Begin PBXFrameworksBuildPhase section */
		4C67C8DD263C6388009A83B7 /* Frameworks */ = {
			isa = PBXFrameworksBuildPhase;
			buildActionMask = 2147483647;
			files = (
				C16DBE62263C806D00CA1E88 /* FirebaseAnalyticsSwift-Beta in Frameworks */,
				C16DBE68263C806D00CA1E88 /* FirebaseAuth in Frameworks */,
				C16DBE64263C806D00CA1E88 /* FirebaseStorageSwift-Beta in Frameworks */,
				C16DBE5E263C806D00CA1E88 /* FirebaseFirestore in Frameworks */,
				C16DBE6A263C806D00CA1E88 /* FirebaseAnalyticsWithoutAdIdSupport in Frameworks */,
				C16DBE66263C806D00CA1E88 /* FirebaseStorage in Frameworks */,
				C16DBE60263C806D00CA1E88 /* FirebaseFirestoreSwift-Beta in Frameworks */,
			);
			runOnlyForDeploymentPostprocessing = 0;
		};
		4C67C8E5263C6388009A83B7 /* Frameworks */ = {
			isa = PBXFrameworksBuildPhase;
			buildActionMask = 2147483647;
			files = (
			);
			runOnlyForDeploymentPostprocessing = 0;
		};
/* End PBXFrameworksBuildPhase section */

/* Begin PBXGroup section */
		4C67C8D3263C6387009A83B7 = {
			isa = PBXGroup;
			children = (
				4C67C8FC263C7E89009A83B7 /* ACherishingHeart.entitlements */,
				C16DBE83263C927C00CA1E88 /* Extensions */,
				C16DBE6B263C83E100CA1E88 /* GoogleService-Info.plist */,
				4C67C8E2263C6388009A83B7 /* iOS */,
				4C67C8E9263C6388009A83B7 /* macOS */,
				4C67C8E1263C6388009A83B7 /* Products */,
				4C67C8D8263C6387009A83B7 /* Shared */,
				C16DBE71263C8D8F00CA1E88 /* SignInWithApple */,
			);
			sourceTree = "<group>";
		};
		4C67C8D8263C6387009A83B7 /* Shared */ = {
			isa = PBXGroup;
			children = (
				C16DBE7C263C8EAD00CA1E88 /* Infrastructure */,
				C16DBE7B263C8E9B00CA1E88 /* Views */,
			);
			path = Shared;
			sourceTree = "<group>";
		};
		4C67C8E1263C6388009A83B7 /* Products */ = {
			isa = PBXGroup;
			children = (
				4C67C8E0263C6388009A83B7 /* ACherishingHeart.app */,
				4C67C8E8263C6388009A83B7 /* ACherishingHeart.app */,
			);
			name = Products;
			sourceTree = "<group>";
		};
		4C67C8E2263C6388009A83B7 /* iOS */ = {
			isa = PBXGroup;
			children = (
				4C67C8E3263C6388009A83B7 /* Info.plist */,
			);
			path = iOS;
			sourceTree = "<group>";
		};
		4C67C8E9263C6388009A83B7 /* macOS */ = {
			isa = PBXGroup;
			children = (
				4C67C8EA263C6388009A83B7 /* Info.plist */,
				4C67C8EB263C6388009A83B7 /* macOS.entitlements */,
			);
			path = macOS;
			sourceTree = "<group>";
		};
		C16DBE71263C8D8F00CA1E88 /* SignInWithApple */ = {
			isa = PBXGroup;
			children = (
				C16DBE72263C8DBA00CA1E88 /* SignInWithAppleButton.swift */,
				C16DBE78263C8E0F00CA1E88 /* SignInWithAppleCoordinator.swift */,
				C16DBE75263C8DE100CA1E88 /* SignInWithAppleVIew.swift */,
			);
			name = SignInWithApple;
			sourceTree = "<group>";
		};
		C16DBE7B263C8E9B00CA1E88 /* Views */ = {
			isa = PBXGroup;
			children = (
				C16DBE6E263C8C8A00CA1E88 /* MainMenuBarView.swift */,
				C16DBE87263C943E00CA1E88 /* MainMenuView.swift */,
				C16DBE7D263C910100CA1E88 /* MainPictureView.swift */,
				C16DBE80263C923400CA1E88 /* MainTitleView.swift */,
				4C67C8DA263C6387009A83B7 /* MainView.swift */,
				C16DBE8D263C94CE00CA1E88 /* MasterMenuView.swift */,
				C16DBE8A263C948C00CA1E88 /* MusicMenuView.swift */,
			);
			name = Views;
			sourceTree = "<group>";
		};
		C16DBE7C263C8EAD00CA1E88 /* Infrastructure */ = {
			isa = PBXGroup;
			children = (
				4C67C8D9263C6387009A83B7 /* ACherishingHeartApp.swift */,
				4C67C8DB263C6388009A83B7 /* Assets.xcassets */,
			);
			name = Infrastructure;
			sourceTree = "<group>";
		};
		C16DBE83263C927C00CA1E88 /* Extensions */ = {
			isa = PBXGroup;
			children = (
				C16DBE84263C928A00CA1E88 /* Color+Utils.swift */,
			);
			name = Extensions;
			sourceTree = "<group>";
		};
/* End PBXGroup section */

/* Begin PBXNativeTarget section */
		4C67C8DF263C6388009A83B7 /* ACherishingHeart (iOS) */ = {
			isa = PBXNativeTarget;
			buildConfigurationList = 4C67C8F4263C6388009A83B7 /* Build configuration list for PBXNativeTarget "ACherishingHeart (iOS)" */;
			buildPhases = (
				4C67C8DC263C6388009A83B7 /* Sources */,
				4C67C8DD263C6388009A83B7 /* Frameworks */,
				4C67C8DE263C6388009A83B7 /* Resources */,
			);
			buildRules = (
			);
			dependencies = (
			);
			name = "ACherishingHeart (iOS)";
			packageProductDependencies = (
				C16DBE5D263C806D00CA1E88 /* FirebaseFirestore */,
				C16DBE5F263C806D00CA1E88 /* FirebaseFirestoreSwift-Beta */,
				C16DBE61263C806D00CA1E88 /* FirebaseAnalyticsSwift-Beta */,
				C16DBE63263C806D00CA1E88 /* FirebaseStorageSwift-Beta */,
				C16DBE65263C806D00CA1E88 /* FirebaseStorage */,
				C16DBE67263C806D00CA1E88 /* FirebaseAuth */,
				C16DBE69263C806D00CA1E88 /* FirebaseAnalyticsWithoutAdIdSupport */,
			);
			productName = "ACherishingHeart (iOS)";
			productReference = 4C67C8E0263C6388009A83B7 /* ACherishingHeart.app */;
			productType = "com.apple.product-type.application";
		};
		4C67C8E7263C6388009A83B7 /* ACherishingHeart (macOS) */ = {
			isa = PBXNativeTarget;
			buildConfigurationList = 4C67C8F7263C6388009A83B7 /* Build configuration list for PBXNativeTarget "ACherishingHeart (macOS)" */;
			buildPhases = (
				4C67C8E4263C6388009A83B7 /* Sources */,
				4C67C8E5263C6388009A83B7 /* Frameworks */,
				4C67C8E6263C6388009A83B7 /* Resources */,
			);
			buildRules = (
			);
			dependencies = (
			);
			name = "ACherishingHeart (macOS)";
			productName = "ACherishingHeart (macOS)";
			productReference = 4C67C8E8263C6388009A83B7 /* ACherishingHeart.app */;
			productType = "com.apple.product-type.application";
		};
/* End PBXNativeTarget section */

/* Begin PBXProject section */
		4C67C8D4263C6387009A83B7 /* Project object */ = {
			isa = PBXProject;
			attributes = {
				LastSwiftUpdateCheck = 1240;
				LastUpgradeCheck = 1250;
				TargetAttributes = {
					4C67C8DF263C6388009A83B7 = {
						CreatedOnToolsVersion = 12.4;
					};
					4C67C8E7263C6388009A83B7 = {
						CreatedOnToolsVersion = 12.4;
					};
				};
			};
			buildConfigurationList = 4C67C8D7263C6387009A83B7 /* Build configuration list for PBXProject "ACherishingHeart" */;
			compatibilityVersion = "Xcode 9.3";
			developmentRegion = en;
			hasScannedForEncodings = 0;
			knownRegions = (
				en,
				Base,
			);
			mainGroup = 4C67C8D3263C6387009A83B7;
			packageReferences = (
				C16DBE5C263C806D00CA1E88 /* XCRemoteSwiftPackageReference "firebase-ios-sdk" */,
			);
			productRefGroup = 4C67C8E1263C6388009A83B7 /* Products */;
			projectDirPath = "";
			projectRoot = "";
			targets = (
				4C67C8DF263C6388009A83B7 /* ACherishingHeart (iOS) */,
				4C67C8E7263C6388009A83B7 /* ACherishingHeart (macOS) */,
			);
		};
/* End PBXProject section */

/* Begin PBXResourcesBuildPhase section */
		4C67C8DE263C6388009A83B7 /* Resources */ = {
			isa = PBXResourcesBuildPhase;
			buildActionMask = 2147483647;
			files = (
				4C67C8F0263C6388009A83B7 /* Assets.xcassets in Resources */,
				C16DBE6C263C83E100CA1E88 /* GoogleService-Info.plist in Resources */,
			);
			runOnlyForDeploymentPostprocessing = 0;
		};
		4C67C8E6263C6388009A83B7 /* Resources */ = {
			isa = PBXResourcesBuildPhase;
			buildActionMask = 2147483647;
			files = (
				4C67C8F1263C6388009A83B7 /* Assets.xcassets in Resources */,
				C16DBE6D263C83E100CA1E88 /* GoogleService-Info.plist in Resources */,
			);
			runOnlyForDeploymentPostprocessing = 0;
		};
/* End PBXResourcesBuildPhase section */

/* Begin PBXSourcesBuildPhase section */
		4C67C8DC263C6388009A83B7 /* Sources */ = {
			isa = PBXSourcesBuildPhase;
			buildActionMask = 2147483647;
			files = (
				C16DBE88263C943E00CA1E88 /* MainMenuView.swift in Sources */,
				C16DBE81263C923400CA1E88 /* MainTitleView.swift in Sources */,
				C16DBE79263C8E0F00CA1E88 /* SignInWithAppleCoordinator.swift in Sources */,
				C16DBE8E263C94CE00CA1E88 /* MasterMenuView.swift in Sources */,
				C16DBE76263C8DE100CA1E88 /* SignInWithAppleVIew.swift in Sources */,
				C16DBE73263C8DBA00CA1E88 /* SignInWithAppleButton.swift in Sources */,
				C16DBE8B263C948C00CA1E88 /* MusicMenuView.swift in Sources */,
				C16DBE7E263C910100CA1E88 /* MainPictureView.swift in Sources */,
				C16DBE6F263C8C8A00CA1E88 /* MainMenuBarView.swift in Sources */,
				4C67C8EE263C6388009A83B7 /* MainView.swift in Sources */,
				4C67C8EC263C6388009A83B7 /* ACherishingHeartApp.swift in Sources */,
				C16DBE85263C928A00CA1E88 /* Color+Utils.swift in Sources */,
			);
			runOnlyForDeploymentPostprocessing = 0;
		};
		4C67C8E4263C6388009A83B7 /* Sources */ = {
			isa = PBXSourcesBuildPhase;
			buildActionMask = 2147483647;
			files = (
				C16DBE89263C943E00CA1E88 /* MainMenuView.swift in Sources */,
				C16DBE82263C923400CA1E88 /* MainTitleView.swift in Sources */,
				C16DBE7A263C8E0F00CA1E88 /* SignInWithAppleCoordinator.swift in Sources */,
				C16DBE8F263C94CE00CA1E88 /* MasterMenuView.swift in Sources */,
				C16DBE77263C8DE100CA1E88 /* SignInWithAppleVIew.swift in Sources */,
				C16DBE74263C8DBA00CA1E88 /* SignInWithAppleButton.swift in Sources */,
				C16DBE8C263C948C00CA1E88 /* MusicMenuView.swift in Sources */,
				C16DBE7F263C910100CA1E88 /* MainPictureView.swift in Sources */,
				C16DBE70263C8C8A00CA1E88 /* MainMenuBarView.swift in Sources */,
				4C67C8EF263C6388009A83B7 /* MainView.swift in Sources */,
				4C67C8ED263C6388009A83B7 /* ACherishingHeartApp.swift in Sources */,
				C16DBE86263C928A00CA1E88 /* Color+Utils.swift in Sources */,
			);
			runOnlyForDeploymentPostprocessing = 0;
		};
/* End PBXSourcesBuildPhase section */

/* Begin XCBuildConfiguration section */
		4C67C8F2263C6388009A83B7 /* Debug */ = {
			isa = XCBuildConfiguration;
			buildSettings = {
				ALWAYS_SEARCH_USER_PATHS = NO;
				CLANG_ANALYZER_NONNULL = YES;
				CLANG_ANALYZER_NUMBER_OBJECT_CONVERSION = YES_AGGRESSIVE;
				CLANG_CXX_LANGUAGE_STANDARD = "gnu++14";
				CLANG_CXX_LIBRARY = "libc++";
				CLANG_ENABLE_MODULES = YES;
				CLANG_ENABLE_OBJC_ARC = YES;
				CLANG_ENABLE_OBJC_WEAK = YES;
				CLANG_WARN_BLOCK_CAPTURE_AUTORELEASING = YES;
				CLANG_WARN_BOOL_CONVERSION = YES;
				CLANG_WARN_COMMA = YES;
				CLANG_WARN_CONSTANT_CONVERSION = YES;
				CLANG_WARN_DEPRECATED_OBJC_IMPLEMENTATIONS = YES;
				CLANG_WARN_DIRECT_OBJC_ISA_USAGE = YES_ERROR;
				CLANG_WARN_DOCUMENTATION_COMMENTS = YES;
				CLANG_WARN_EMPTY_BODY = YES;
				CLANG_WARN_ENUM_CONVERSION = YES;
				CLANG_WARN_INFINITE_RECURSION = YES;
				CLANG_WARN_INT_CONVERSION = YES;
				CLANG_WARN_NON_LITERAL_NULL_CONVERSION = YES;
				CLANG_WARN_OBJC_IMPLICIT_RETAIN_SELF = YES;
				CLANG_WARN_OBJC_LITERAL_CONVERSION = YES;
				CLANG_WARN_OBJC_ROOT_CLASS = YES_ERROR;
				CLANG_WARN_QUOTED_INCLUDE_IN_FRAMEWORK_HEADER = YES;
				CLANG_WARN_RANGE_LOOP_ANALYSIS = YES;
				CLANG_WARN_STRICT_PROTOTYPES = YES;
				CLANG_WARN_SUSPICIOUS_MOVE = YES;
				CLANG_WARN_UNGUARDED_AVAILABILITY = YES_AGGRESSIVE;
				CLANG_WARN_UNREACHABLE_CODE = YES;
				CLANG_WARN__DUPLICATE_METHOD_MATCH = YES;
				COPY_PHASE_STRIP = NO;
				DEBUG_INFORMATION_FORMAT = dwarf;
				ENABLE_STRICT_OBJC_MSGSEND = YES;
				ENABLE_TESTABILITY = YES;
				GCC_C_LANGUAGE_STANDARD = gnu11;
				GCC_DYNAMIC_NO_PIC = NO;
				GCC_NO_COMMON_BLOCKS = YES;
				GCC_OPTIMIZATION_LEVEL = 0;
				GCC_PREPROCESSOR_DEFINITIONS = (
					"DEBUG=1",
					"$(inherited)",
				);
				GCC_WARN_64_TO_32_BIT_CONVERSION = YES;
				GCC_WARN_ABOUT_RETURN_TYPE = YES_ERROR;
				GCC_WARN_UNDECLARED_SELECTOR = YES;
				GCC_WARN_UNINITIALIZED_AUTOS = YES_AGGRESSIVE;
				GCC_WARN_UNUSED_FUNCTION = YES;
				GCC_WARN_UNUSED_VARIABLE = YES;
				MTL_ENABLE_DEBUG_INFO = INCLUDE_SOURCE;
				MTL_FAST_MATH = YES;
				ONLY_ACTIVE_ARCH = YES;
				SWIFT_ACTIVE_COMPILATION_CONDITIONS = DEBUG;
				SWIFT_OPTIMIZATION_LEVEL = "-Onone";
			};
			name = Debug;
		};
		4C67C8F3263C6388009A83B7 /* Release */ = {
			isa = XCBuildConfiguration;
			buildSettings = {
				ALWAYS_SEARCH_USER_PATHS = NO;
				CLANG_ANALYZER_NONNULL = YES;
				CLANG_ANALYZER_NUMBER_OBJECT_CONVERSION = YES_AGGRESSIVE;
				CLANG_CXX_LANGUAGE_STANDARD = "gnu++14";
				CLANG_CXX_LIBRARY = "libc++";
				CLANG_ENABLE_MODULES = YES;
				CLANG_ENABLE_OBJC_ARC = YES;
				CLANG_ENABLE_OBJC_WEAK = YES;
				CLANG_WARN_BLOCK_CAPTURE_AUTORELEASING = YES;
				CLANG_WARN_BOOL_CONVERSION = YES;
				CLANG_WARN_COMMA = YES;
				CLANG_WARN_CONSTANT_CONVERSION = YES;
				CLANG_WARN_DEPRECATED_OBJC_IMPLEMENTATIONS = YES;
				CLANG_WARN_DIRECT_OBJC_ISA_USAGE = YES_ERROR;
				CLANG_WARN_DOCUMENTATION_COMMENTS = YES;
				CLANG_WARN_EMPTY_BODY = YES;
				CLANG_WARN_ENUM_CONVERSION = YES;
				CLANG_WARN_INFINITE_RECURSION = YES;
				CLANG_WARN_INT_CONVERSION = YES;
				CLANG_WARN_NON_LITERAL_NULL_CONVERSION = YES;
				CLANG_WARN_OBJC_IMPLICIT_RETAIN_SELF = YES;
				CLANG_WARN_OBJC_LITERAL_CONVERSION = YES;
				CLANG_WARN_OBJC_ROOT_CLASS = YES_ERROR;
				CLANG_WARN_QUOTED_INCLUDE_IN_FRAMEWORK_HEADER = YES;
				CLANG_WARN_RANGE_LOOP_ANALYSIS = YES;
				CLANG_WARN_STRICT_PROTOTYPES = YES;
				CLANG_WARN_SUSPICIOUS_MOVE = YES;
				CLANG_WARN_UNGUARDED_AVAILABILITY = YES_AGGRESSIVE;
				CLANG_WARN_UNREACHABLE_CODE = YES;
				CLANG_WARN__DUPLICATE_METHOD_MATCH = YES;
				COPY_PHASE_STRIP = NO;
				DEBUG_INFORMATION_FORMAT = "dwarf-with-dsym";
				ENABLE_NS_ASSERTIONS = NO;
				ENABLE_STRICT_OBJC_MSGSEND = YES;
				GCC_C_LANGUAGE_STANDARD = gnu11;
				GCC_NO_COMMON_BLOCKS = YES;
				GCC_WARN_64_TO_32_BIT_CONVERSION = YES;
				GCC_WARN_ABOUT_RETURN_TYPE = YES_ERROR;
				GCC_WARN_UNDECLARED_SELECTOR = YES;
				GCC_WARN_UNINITIALIZED_AUTOS = YES_AGGRESSIVE;
				GCC_WARN_UNUSED_FUNCTION = YES;
				GCC_WARN_UNUSED_VARIABLE = YES;
				MTL_ENABLE_DEBUG_INFO = NO;
				MTL_FAST_MATH = YES;
				SWIFT_COMPILATION_MODE = wholemodule;
				SWIFT_OPTIMIZATION_LEVEL = "-O";
			};
			name = Release;
		};
		4C67C8F5263C6388009A83B7 /* Debug */ = {
			isa = XCBuildConfiguration;
			buildSettings = {
				ASSETCATALOG_COMPILER_APPICON_NAME = AppIcon;
				ASSETCATALOG_COMPILER_GLOBAL_ACCENT_COLOR_NAME = AccentColor;
				CODE_SIGN_ENTITLEMENTS = ACherishingHeart.entitlements;
				CODE_SIGN_IDENTITY = "iPhone Developer";
				CODE_SIGN_STYLE = Manual;
				DEVELOPMENT_TEAM = GA4L9A4FGA;
				ENABLE_PREVIEWS = YES;
				INFOPLIST_FILE = iOS/Info.plist;
				IPHONEOS_DEPLOYMENT_TARGET = 14.0;
				LD_RUNPATH_SEARCH_PATHS = (
					"$(inherited)",
					"@executable_path/Frameworks",
				);
				PRODUCT_BUNDLE_IDENTIFIER = com.storkebrothers.ACherishingHeart;
				PRODUCT_NAME = ACherishingHeart;
				PROVISIONING_PROFILE_SPECIFIER = "A Cherishing Heart Development Profile";
				SDKROOT = iphoneos;
				SWIFT_VERSION = 5.0;
				TARGETED_DEVICE_FAMILY = "1,2";
			};
			name = Debug;
		};
		4C67C8F6263C6388009A83B7 /* Release */ = {
			isa = XCBuildConfiguration;
			buildSettings = {
				ASSETCATALOG_COMPILER_APPICON_NAME = AppIcon;
				ASSETCATALOG_COMPILER_GLOBAL_ACCENT_COLOR_NAME = AccentColor;
				CODE_SIGN_ENTITLEMENTS = ACherishingHeart.entitlements;
				CODE_SIGN_IDENTITY = "iPhone Developer";
				CODE_SIGN_STYLE = Manual;
				DEVELOPMENT_TEAM = GA4L9A4FGA;
				ENABLE_PREVIEWS = YES;
				INFOPLIST_FILE = iOS/Info.plist;
				IPHONEOS_DEPLOYMENT_TARGET = 14.0;
				LD_RUNPATH_SEARCH_PATHS = (
					"$(inherited)",
					"@executable_path/Frameworks",
				);
				PRODUCT_BUNDLE_IDENTIFIER = com.storkebrothers.ACherishingHeart;
				PRODUCT_NAME = ACherishingHeart;
				PROVISIONING_PROFILE_SPECIFIER = "A Cherishing Heart Development Profile";
				SDKROOT = iphoneos;
				SWIFT_VERSION = 5.0;
				TARGETED_DEVICE_FAMILY = "1,2";
				VALIDATE_PRODUCT = YES;
			};
			name = Release;
		};
		4C67C8F8263C6388009A83B7 /* Debug */ = {
			isa = XCBuildConfiguration;
			buildSettings = {
				ASSETCATALOG_COMPILER_APPICON_NAME = AppIcon;
				ASSETCATALOG_COMPILER_GLOBAL_ACCENT_COLOR_NAME = AccentColor;
				CODE_SIGN_ENTITLEMENTS = macOS/macOS.entitlements;
				CODE_SIGN_IDENTITY = "-";
				CODE_SIGN_STYLE = Automatic;
				COMBINE_HIDPI_IMAGES = YES;
				DEVELOPMENT_TEAM = GA4L9A4FGA;
				ENABLE_HARDENED_RUNTIME = YES;
				ENABLE_PREVIEWS = YES;
				INFOPLIST_FILE = macOS/Info.plist;
				LD_RUNPATH_SEARCH_PATHS = (
					"$(inherited)",
					"@executable_path/../Frameworks",
				);
				MACOSX_DEPLOYMENT_TARGET = 11.0;
				PRODUCT_BUNDLE_IDENTIFIER = com.storkebrothers.ACherishingHeart;
				PRODUCT_NAME = ACherishingHeart;
				SDKROOT = macosx;
				SWIFT_VERSION = 5.0;
			};
			name = Debug;
		};
		4C67C8F9263C6388009A83B7 /* Release */ = {
			isa = XCBuildConfiguration;
			buildSettings = {
				ASSETCATALOG_COMPILER_APPICON_NAME = AppIcon;
				ASSETCATALOG_COMPILER_GLOBAL_ACCENT_COLOR_NAME = AccentColor;
				CODE_SIGN_ENTITLEMENTS = macOS/macOS.entitlements;
				CODE_SIGN_IDENTITY = "-";
				CODE_SIGN_STYLE = Automatic;
				COMBINE_HIDPI_IMAGES = YES;
				DEVELOPMENT_TEAM = GA4L9A4FGA;
				ENABLE_HARDENED_RUNTIME = YES;
				ENABLE_PREVIEWS = YES;
				INFOPLIST_FILE = macOS/Info.plist;
				LD_RUNPATH_SEARCH_PATHS = (
					"$(inherited)",
					"@executable_path/../Frameworks",
				);
				MACOSX_DEPLOYMENT_TARGET = 11.0;
				PRODUCT_BUNDLE_IDENTIFIER = com.storkebrothers.ACherishingHeart;
				PRODUCT_NAME = ACherishingHeart;
				SDKROOT = macosx;
				SWIFT_VERSION = 5.0;
			};
			name = Release;
		};
/* End XCBuildConfiguration section */

/* Begin XCConfigurationList section */
		4C67C8D7263C6387009A83B7 /* Build configuration list for PBXProject "ACherishingHeart" */ = {
			isa = XCConfigurationList;
			buildConfigurations = (
				4C67C8F2263C6388009A83B7 /* Debug */,
				4C67C8F3263C6388009A83B7 /* Release */,
			);
			defaultConfigurationIsVisible = 0;
			defaultConfigurationName = Release;
		};
		4C67C8F4263C6388009A83B7 /* Build configuration list for PBXNativeTarget "ACherishingHeart (iOS)" */ = {
			isa = XCConfigurationList;
			buildConfigurations = (
				4C67C8F5263C6388009A83B7 /* Debug */,
				4C67C8F6263C6388009A83B7 /* Release */,
			);
			defaultConfigurationIsVisible = 0;
			defaultConfigurationName = Release;
		};
		4C67C8F7263C6388009A83B7 /* Build configuration list for PBXNativeTarget "ACherishingHeart (macOS)" */ = {
			isa = XCConfigurationList;
			buildConfigurations = (
				4C67C8F8263C6388009A83B7 /* Debug */,
				4C67C8F9263C6388009A83B7 /* Release */,
			);
			defaultConfigurationIsVisible = 0;
			defaultConfigurationName = Release;
		};
/* End XCConfigurationList section */

/* Begin XCRemoteSwiftPackageReference section */
		C16DBE5C263C806D00CA1E88 /* XCRemoteSwiftPackageReference "firebase-ios-sdk" */ = {
			isa = XCRemoteSwiftPackageReference;
			repositoryURL = "https://github.com/firebase/firebase-ios-sdk.git";
			requirement = {
				kind = upToNextMajorVersion;
				minimumVersion = 7.11.1;
			};
		};
/* End XCRemoteSwiftPackageReference section */

/* Begin XCSwiftPackageProductDependency section */
		C16DBE5D263C806D00CA1E88 /* FirebaseFirestore */ = {
			isa = XCSwiftPackageProductDependency;
			package = C16DBE5C263C806D00CA1E88 /* XCRemoteSwiftPackageReference "firebase-ios-sdk" */;
			productName = FirebaseFirestore;
		};
		C16DBE5F263C806D00CA1E88 /* FirebaseFirestoreSwift-Beta */ = {
			isa = XCSwiftPackageProductDependency;
			package = C16DBE5C263C806D00CA1E88 /* XCRemoteSwiftPackageReference "firebase-ios-sdk" */;
			productName = "FirebaseFirestoreSwift-Beta";
		};
		C16DBE61263C806D00CA1E88 /* FirebaseAnalyticsSwift-Beta */ = {
			isa = XCSwiftPackageProductDependency;
			package = C16DBE5C263C806D00CA1E88 /* XCRemoteSwiftPackageReference "firebase-ios-sdk" */;
			productName = "FirebaseAnalyticsSwift-Beta";
		};
		C16DBE63263C806D00CA1E88 /* FirebaseStorageSwift-Beta */ = {
			isa = XCSwiftPackageProductDependency;
			package = C16DBE5C263C806D00CA1E88 /* XCRemoteSwiftPackageReference "firebase-ios-sdk" */;
			productName = "FirebaseStorageSwift-Beta";
		};
		C16DBE65263C806D00CA1E88 /* FirebaseStorage */ = {
			isa = XCSwiftPackageProductDependency;
			package = C16DBE5C263C806D00CA1E88 /* XCRemoteSwiftPackageReference "firebase-ios-sdk" */;
			productName = FirebaseStorage;
		};
		C16DBE67263C806D00CA1E88 /* FirebaseAuth */ = {
			isa = XCSwiftPackageProductDependency;
			package = C16DBE5C263C806D00CA1E88 /* XCRemoteSwiftPackageReference "firebase-ios-sdk" */;
			productName = FirebaseAuth;
		};
		C16DBE69263C806D00CA1E88 /* FirebaseAnalyticsWithoutAdIdSupport */ = {
			isa = XCSwiftPackageProductDependency;
			package = C16DBE5C263C806D00CA1E88 /* XCRemoteSwiftPackageReference "firebase-ios-sdk" */;
			productName = FirebaseAnalyticsWithoutAdIdSupport;
		};
/* End XCSwiftPackageProductDependency section */
	};
	rootObject = 4C67C8D4263C6387009A83B7 /* Project object */;
}
